<?xml version="1.0" encoding="utf-8"?>
<Project ToolsVersion="4.0" xmlns="http://schemas.microsoft.com/developer/msbuild/2003">
  <ItemGroup>
    <Filter Include="源文件">
      <UniqueIdentifier>{4FC737F1-C7A5-4376-A066-2A32D752A2FF}</UniqueIdentifier>
      <Extensions>cpp;c;cc;cxx;def;odl;idl;hpj;bat;asm;asmx</Extensions>
    </Filter>
    <Filter Include="头文件">
      <UniqueIdentifier>{93995380-89BD-4b04-88EB-625FBE52EBFB}</UniqueIdentifier>
      <Extensions>h;hh;hpp;hxx;hm;inl;inc;ipp;xsd</Extensions>
    </Filter>
    <Filter Include="资源文件">
      <UniqueIdentifier>{67DA6AB6-F800-4c08-8B7A-83BB121AAD01}</UniqueIdentifier>
      <Extensions>rc;ico;cur;bmp;dlg;rc2;rct;bin;rgs;gif;jpg;jpeg;jpe;resx;tiff;tif;png;wav;mfcribbon-ms</Extensions>
    </Filter>
    <Filter Include="头文件\model">
      <UniqueIdentifier>{301b5a89-4ccb-4c33-a7bc-925720c2007b}</UniqueIdentifier>
    </Filter>
    <Filter Include="头文件\down">
      <UniqueIdentifier>{e9be0156-248d-4804-a083-c95e5c7d08fd}</UniqueIdentifier>
    </Filter>
    <Filter Include="头文件\parse">
      <UniqueIdentifier>{14c72875-685b-4da8-858d-8986aa819fbb}</UniqueIdentifier>
    </Filter>
    <Filter Include="头文件\config">
      <UniqueIdentifier>{808f53a2-190b-4e68-8e7c-a43386c1611a}</UniqueIdentifier>
    </Filter>
    <Filter Include="源文件\model">
      <UniqueIdentifier>{e0519c70-e91d-4f87-930f-7674a565ac3c}</UniqueIdentifier>
    </Filter>
    <Filter Include="源文件\down">
      <UniqueIdentifier>{f706c117-bcc3-478e-95d2-5a54b10e8dbc}</UniqueIdentifier>
    </Filter>
    <Filter Include="源文件\config">
      <UniqueIdentifier>{bef17588-2d62-4148-92df-50c776e9fa38}</UniqueIdentifier>
    </Filter>
    <Filter Include="源文件\parse">
      <UniqueIdentifier>{fe8bdb58-cd1b-4c7c-be7b-a2275d7cf861}</UniqueIdentifier>
    </Filter>
    <Filter Include="头文件\utils">
      <UniqueIdentifier>{8a432b47-c2d3-4e1d-8bf3-9f60ba27155c}</UniqueIdentifier>
    </Filter>
    <Filter Include="源文件\utils">
      <UniqueIdentifier>{455eec43-648d-459b-8991-cfb37ba8cba5}</UniqueIdentifier>
    </Filter>
    <Filter Include="源文件\mainframe">
      <UniqueIdentifier>{959aa7f3-3f99-4683-8ad5-158cb0f37857}</UniqueIdentifier>
    </Filter>
    <Filter Include="头文件\mainframe">
      <UniqueIdentifier>{c5ca1ec3-4b93-4791-b11b-e8aa80cd3dfd}</UniqueIdentifier>
    </Filter>
    <Filter Include="头文件\spider">
      <UniqueIdentifier>{91e5332f-8f47-47bc-ad78-d618bfdeda68}</UniqueIdentifier>
    </Filter>
    <Filter Include="源文件\soider">
      <UniqueIdentifier>{bbc114a7-7fd1-45ea-bcf5-0373250ed8d7}</UniqueIdentifier>
    </Filter>
    <Filter Include="头文件\task">
      <UniqueIdentifier>{910abea5-ce7a-40f4-b058-7cb0c2a16230}</UniqueIdentifier>
    </Filter>
    <Filter Include="源文件\task">
      <UniqueIdentifier>{77c9410e-4052-4fa9-88a1-66d1f27438b4}</UniqueIdentifier>
    </Filter>
    <Filter Include="头文件\core">
      <UniqueIdentifier>{a3081ca7-2967-4574-bef0-24ba621bd31c}</UniqueIdentifier>
    </Filter>
    <Filter Include="源文件\core">
      <UniqueIdentifier>{c3cb6512-3553-40be-97d9-aef4d40e08bd}</UniqueIdentifier>
    </Filter>
  </ItemGroup>
  <ItemGroup>
    <ClCompile Include="main.cpp">
      <Filter>源文件</Filter>
    </ClCompile>
    <ClCompile Include="DBSManager.cpp">
      <Filter>源文件</Filter>
    </ClCompile>
    <ClCompile Include="model\DBSModel.cpp">
      <Filter>源文件\model</Filter>
    </ClCompile>
    <ClCompile Include="down\DBSWebData.cpp">
      <Filter>源文件\down</Filter>
    </ClCompile>
    <ClCompile Include="config\DBSOriUrls.cpp">
      <Filter>源文件\config</Filter>
    </ClCompile>
    <ClCompile Include="utils\DBSSingleton.cpp">
      <Filter>源文件\utils</Filter>
    </ClCompile>
    <ClCompile Include="mainframe\DBSTask.cpp">
      <Filter>源文件\mainframe</Filter>
    </ClCompile>
    <ClCompile Include="utils\DBSLogTool.cpp">
      <Filter>源文件\utils</Filter>
    </ClCompile>
    <ClCompile Include="mainframe\DBSResultDealer.cpp">
      <Filter>源文件\mainframe</Filter>
    </ClCompile>
    <ClCompile Include="mainframe\DBSThreadPool.cpp">
      <Filter>源文件\mainframe</Filter>
    </ClCompile>
    <ClCompile Include="task\DBSSpiderTask.cpp">
      <Filter>源文件\task</Filter>
    </ClCompile>
  </ItemGroup>
  <ItemGroup>
    <ClInclude Include="DBSManager.h">
      <Filter>头文件</Filter>
    </ClInclude>
    <ClInclude Include="model\IDBSModel.h">
      <Filter>头文件\model</Filter>
    </ClInclude>
    <ClInclude Include="model\DBSModel.h">
      <Filter>头文件\model</Filter>
    </ClInclude>
    <ClInclude Include="model\IDBSContainer.h">
      <Filter>头文件\model</Filter>
    </ClInclude>
    <ClInclude Include="model\IDBSItem.h">
      <Filter>头文件\model</Filter>
    </ClInclude>
    <ClInclude Include="down\DBSDownloader.h">
      <Filter>头文件\down</Filter>
    </ClInclude>
    <ClInclude Include="down\IDBSDownloader.h">
      <Filter>头文件\down</Filter>
    </ClInclude>
    <ClInclude Include="down\IDBSWebData.h">
      <Filter>头文件\down</Filter>
    </ClInclude>
    <ClInclude Include="down\DBSWebData.h">
      <Filter>头文件\down</Filter>
    </ClInclude>
    <ClInclude Include="parse\IDBSParseData.h">
      <Filter>头文件\parse</Filter>
    </ClInclude>
    <ClInclude Include="parse\IDBSParser.h">
      <Filter>头文件\parse</Filter>
    </ClInclude>
    <ClInclude Include="config\DBSOriUrls.h">
      <Filter>头文件\config</Filter>
    </ClInclude>
    <ClInclude Include="config\IDBSOriUrls.h">
      <Filter>头文件\config</Filter>
    </ClInclude>
    <ClInclude Include="config\DBSConfig.h">
      <Filter>头文件\config</Filter>
    </ClInclude>
    <ClInclude Include="utils\DBSSingleton.h">
      <Filter>头文件\utils</Filter>
    </ClInclude>
    <ClInclude Include="mainframe\DBSTask.h">
      <Filter>头文件\mainframe</Filter>
    </ClInclude>
    <ClInclude Include="mainframe\IDBSTask.h">
      <Filter>头文件\mainframe</Filter>
    </ClInclude>
    <ClInclude Include="mainframe\DBSThreadPool.h">
      <Filter>头文件\mainframe</Filter>
    </ClInclude>
    <ClInclude Include="spider\DBSSpiderTask.h">
      <Filter>头文件\spider</Filter>
    </ClInclude>
    <ClInclude Include="task\DBSSpiderTask.h">
      <Filter>头文件\task</Filter>
    </ClInclude>
    <ClInclude Include="utils\DBSLogTool.h">
      <Filter>头文件\utils</Filter>
    </ClInclude>
    <ClInclude Include="core\DBSQueue.h">
      <Filter>头文件\core</Filter>
    </ClInclude>
    <ClInclude Include="mainframe\DBSTaskQueue.h">
      <Filter>头文件\mainframe</Filter>
    </ClInclude>
    <ClInclude Include="mainframe\IDBSResult.h">
      <Filter>头文件\mainframe</Filter>
    </ClInclude>
    <ClInclude Include="mainframe\IDBSResultDealer.h">
      <Filter>头文件\mainframe</Filter>
    </ClInclude>
    <ClInclude Include="mainframe\DBSResultDealer.h">
      <Filter>头文件\mainframe</Filter>
    </ClInclude>
    <ClInclude Include="task\DBSTaskData.h">
      <Filter>头文件\task</Filter>
    </ClInclude>
    <ClInclude Include="DBSDefines.h">
      <Filter>头文件</Filter>
    </ClInclude>
  </ItemGroup>
</Project>